
Microsoft Visual Studio Solution File, Format Version 12.00
# Visual Studio Version 16
VisualStudioVersion = 16.0.28407.52
MinimumVisualStudioVersion = 10.0.40219.1
Project("{9A19103F-16F7-4668-BE54-9A1E7A4F7556}") = "AiOption.Infrastructure", "src\AiOption.Infrastructure\AiOption.Infrastructure.csproj", "{B0C840D8-282C-49EF-93E6-E0E348737075}"
EndProject
Project("{9A19103F-16F7-4668-BE54-9A1E7A4F7556}") = "AiOption.Application", "src\AiOption.Application\AiOption.Application.csproj", "{5D95DAA2-F040-4213-890C-A9D6D65C3CF9}"
EndProject
Project("{9A19103F-16F7-4668-BE54-9A1E7A4F7556}") = "AiOption.Tradings", "src\App\AiOption.Tradings\AiOption.Tradings.csproj", "{3EDDEBE9-5269-4E46-9DE2-6E61AB538516}"
EndProject
Project("{2150E333-8FDC-42A3-9474-1A3956D46DE8}") = "Tests", "Tests", "{B8DF9780-6ADB-4470-AEC2-69CAC6078F88}"
EndProject
Project("{9A19103F-16F7-4668-BE54-9A1E7A4F7556}") = "AiOption.TestCore", "tests\AiOption.TestCore\AiOption.TestCore.csproj", "{08C310D2-3CAF-4E26-835E-39BCBA68E3C6}"
EndProject
Project("{9A19103F-16F7-4668-BE54-9A1E7A4F7556}") = "AiOption", "src\AiOption\AiOption.csproj", "{9A4C3340-3FC0-4BFE-A7EC-D32915E87613}"
EndProject
Project("{9A19103F-16F7-4668-BE54-9A1E7A4F7556}") = "AiOption.Tests", "tests\AiOption.Tests\AiOption.Tests.csproj", "{538E3EB1-600E-40C8-B894-80679321ABBA}"
EndProject
Project("{2150E333-8FDC-42A3-9474-1A3956D46DE8}") = "Infrastructures", "Infrastructures", "{10B009BF-0579-4209-BC6A-D0042B8E3889}"
EndProject
Project("{2150E333-8FDC-42A3-9474-1A3956D46DE8}") = "Apps", "Apps", "{0F0AA2EC-42D6-4620-9D8B-FFCD91952B4F}"
EndProject
Project("{9A19103F-16F7-4668-BE54-9A1E7A4F7556}") = "AiOption.WebPortal.Server", "src\App\AiOption.WebPortal.Server\AiOption.WebPortal.Server.csproj", "{AF40C2AD-F051-47B7-9392-3D1C170C46B2}"
EndProject
Project("{9A19103F-16F7-4668-BE54-9A1E7A4F7556}") = "AiOption.WebPortal.Client", "src\App\AiOption.WebPortal.Client\AiOption.WebPortal.Client.csproj", "{0B7666C5-7DD7-4AF1-B1AE-1517872E5BC6}"
EndProject
Project("{9A19103F-16F7-4668-BE54-9A1E7A4F7556}") = "AiOption.WebPortal.Shared", "src\App\AiOption.WebPortal.Shared\AiOption.WebPortal.Shared.csproj", "{0B056516-80EB-43DE-99AF-E0255E7E19A1}"
EndProject
Project("{E53339B2-1760-4266-BCC7-CA923CBCF16C}") = "docker-compose", "docker-compose.dcproj", "{6209394C-7CF4-4014-99F6-8038A0EAA291}"
EndProject
Project("{9A19103F-16F7-4668-BE54-9A1E7A4F7556}") = "AiOption.Infrastructure.EventStores", "src\AiOption.Infrastructure.EventStores\AiOption.Infrastructure.EventStores.csproj", "{B1BE2A1A-86E7-499E-A663-EAD08859E3C0}"
EndProject
Project("{9A19103F-16F7-4668-BE54-9A1E7A4F7556}") = "AiOption.Infrastructure.ReadStores", "src\AiOption.Infrastructure.ReadStores\AiOption.Infrastructure.ReadStores.csproj", "{5C12AB8A-E80F-4CC2-A167-B0BCC2B7E45D}"
EndProject
Global
	GlobalSection(SolutionConfigurationPlatforms) = preSolution
		Debug|Any CPU = Debug|Any CPU
		Release|Any CPU = Release|Any CPU
	EndGlobalSection
	GlobalSection(ProjectConfigurationPlatforms) = postSolution
		{B0C840D8-282C-49EF-93E6-E0E348737075}.Debug|Any CPU.ActiveCfg = Debug|Any CPU
		{B0C840D8-282C-49EF-93E6-E0E348737075}.Debug|Any CPU.Build.0 = Debug|Any CPU
		{B0C840D8-282C-49EF-93E6-E0E348737075}.Release|Any CPU.ActiveCfg = Release|Any CPU
		{B0C840D8-282C-49EF-93E6-E0E348737075}.Release|Any CPU.Build.0 = Release|Any CPU
		{5D95DAA2-F040-4213-890C-A9D6D65C3CF9}.Debug|Any CPU.ActiveCfg = Debug|Any CPU
		{5D95DAA2-F040-4213-890C-A9D6D65C3CF9}.Debug|Any CPU.Build.0 = Debug|Any CPU
		{5D95DAA2-F040-4213-890C-A9D6D65C3CF9}.Release|Any CPU.ActiveCfg = Release|Any CPU
		{5D95DAA2-F040-4213-890C-A9D6D65C3CF9}.Release|Any CPU.Build.0 = Release|Any CPU
		{3EDDEBE9-5269-4E46-9DE2-6E61AB538516}.Debug|Any CPU.ActiveCfg = Debug|Any CPU
		{3EDDEBE9-5269-4E46-9DE2-6E61AB538516}.Debug|Any CPU.Build.0 = Debug|Any CPU
		{3EDDEBE9-5269-4E46-9DE2-6E61AB538516}.Release|Any CPU.ActiveCfg = Release|Any CPU
		{3EDDEBE9-5269-4E46-9DE2-6E61AB538516}.Release|Any CPU.Build.0 = Release|Any CPU
		{08C310D2-3CAF-4E26-835E-39BCBA68E3C6}.Debug|Any CPU.ActiveCfg = Debug|Any CPU
		{08C310D2-3CAF-4E26-835E-39BCBA68E3C6}.Debug|Any CPU.Build.0 = Debug|Any CPU
		{08C310D2-3CAF-4E26-835E-39BCBA68E3C6}.Release|Any CPU.ActiveCfg = Release|Any CPU
		{08C310D2-3CAF-4E26-835E-39BCBA68E3C6}.Release|Any CPU.Build.0 = Release|Any CPU
		{9A4C3340-3FC0-4BFE-A7EC-D32915E87613}.Debug|Any CPU.ActiveCfg = Debug|Any CPU
		{9A4C3340-3FC0-4BFE-A7EC-D32915E87613}.Debug|Any CPU.Build.0 = Debug|Any CPU
		{9A4C3340-3FC0-4BFE-A7EC-D32915E87613}.Release|Any CPU.ActiveCfg = Release|Any CPU
		{9A4C3340-3FC0-4BFE-A7EC-D32915E87613}.Release|Any CPU.Build.0 = Release|Any CPU
		{538E3EB1-600E-40C8-B894-80679321ABBA}.Debug|Any CPU.ActiveCfg = Debug|Any CPU
		{538E3EB1-600E-40C8-B894-80679321ABBA}.Debug|Any CPU.Build.0 = Debug|Any CPU
		{538E3EB1-600E-40C8-B894-80679321ABBA}.Release|Any CPU.ActiveCfg = Release|Any CPU
		{538E3EB1-600E-40C8-B894-80679321ABBA}.Release|Any CPU.Build.0 = Release|Any CPU
		{AF40C2AD-F051-47B7-9392-3D1C170C46B2}.Debug|Any CPU.ActiveCfg = Debug|Any CPU
		{AF40C2AD-F051-47B7-9392-3D1C170C46B2}.Debug|Any CPU.Build.0 = Debug|Any CPU
		{AF40C2AD-F051-47B7-9392-3D1C170C46B2}.Release|Any CPU.ActiveCfg = Release|Any CPU
		{AF40C2AD-F051-47B7-9392-3D1C170C46B2}.Release|Any CPU.Build.0 = Release|Any CPU
		{0B7666C5-7DD7-4AF1-B1AE-1517872E5BC6}.Debug|Any CPU.ActiveCfg = Debug|Any CPU
		{0B7666C5-7DD7-4AF1-B1AE-1517872E5BC6}.Debug|Any CPU.Build.0 = Debug|Any CPU
		{0B7666C5-7DD7-4AF1-B1AE-1517872E5BC6}.Release|Any CPU.ActiveCfg = Release|Any CPU
		{0B7666C5-7DD7-4AF1-B1AE-1517872E5BC6}.Release|Any CPU.Build.0 = Release|Any CPU
		{0B056516-80EB-43DE-99AF-E0255E7E19A1}.Debug|Any CPU.ActiveCfg = Debug|Any CPU
		{0B056516-80EB-43DE-99AF-E0255E7E19A1}.Debug|Any CPU.Build.0 = Debug|Any CPU
		{0B056516-80EB-43DE-99AF-E0255E7E19A1}.Release|Any CPU.ActiveCfg = Release|Any CPU
		{0B056516-80EB-43DE-99AF-E0255E7E19A1}.Release|Any CPU.Build.0 = Release|Any CPU
		{6209394C-7CF4-4014-99F6-8038A0EAA291}.Debug|Any CPU.ActiveCfg = Debug|Any CPU
		{6209394C-7CF4-4014-99F6-8038A0EAA291}.Debug|Any CPU.Build.0 = Debug|Any CPU
		{6209394C-7CF4-4014-99F6-8038A0EAA291}.Release|Any CPU.ActiveCfg = Release|Any CPU
		{6209394C-7CF4-4014-99F6-8038A0EAA291}.Release|Any CPU.Build.0 = Release|Any CPU
		{B1BE2A1A-86E7-499E-A663-EAD08859E3C0}.Debug|Any CPU.ActiveCfg = Debug|Any CPU
		{B1BE2A1A-86E7-499E-A663-EAD08859E3C0}.Debug|Any CPU.Build.0 = Debug|Any CPU
		{B1BE2A1A-86E7-499E-A663-EAD08859E3C0}.Release|Any CPU.ActiveCfg = Release|Any CPU
		{B1BE2A1A-86E7-499E-A663-EAD08859E3C0}.Release|Any CPU.Build.0 = Release|Any CPU
		{5C12AB8A-E80F-4CC2-A167-B0BCC2B7E45D}.Debug|Any CPU.ActiveCfg = Debug|Any CPU
		{5C12AB8A-E80F-4CC2-A167-B0BCC2B7E45D}.Debug|Any CPU.Build.0 = Debug|Any CPU
		{5C12AB8A-E80F-4CC2-A167-B0BCC2B7E45D}.Release|Any CPU.ActiveCfg = Release|Any CPU
		{5C12AB8A-E80F-4CC2-A167-B0BCC2B7E45D}.Release|Any CPU.Build.0 = Release|Any CPU
	EndGlobalSection
	GlobalSection(SolutionProperties) = preSolution
		HideSolutionNode = FALSE
	EndGlobalSection
	GlobalSection(NestedProjects) = preSolution
		{3EDDEBE9-5269-4E46-9DE2-6E61AB538516} = {0F0AA2EC-42D6-4620-9D8B-FFCD91952B4F}
		{08C310D2-3CAF-4E26-835E-39BCBA68E3C6} = {B8DF9780-6ADB-4470-AEC2-69CAC6078F88}
		{538E3EB1-600E-40C8-B894-80679321ABBA} = {B8DF9780-6ADB-4470-AEC2-69CAC6078F88}
		{AF40C2AD-F051-47B7-9392-3D1C170C46B2} = {0F0AA2EC-42D6-4620-9D8B-FFCD91952B4F}
		{0B7666C5-7DD7-4AF1-B1AE-1517872E5BC6} = {0F0AA2EC-42D6-4620-9D8B-FFCD91952B4F}
		{0B056516-80EB-43DE-99AF-E0255E7E19A1} = {0F0AA2EC-42D6-4620-9D8B-FFCD91952B4F}
		{B1BE2A1A-86E7-499E-A663-EAD08859E3C0} = {10B009BF-0579-4209-BC6A-D0042B8E3889}
		{5C12AB8A-E80F-4CC2-A167-B0BCC2B7E45D} = {10B009BF-0579-4209-BC6A-D0042B8E3889}
	EndGlobalSection
	GlobalSection(ExtensibilityGlobals) = postSolution
		SolutionGuid = {45A6F755-7349-459E-B474-C21814ACC978}
	EndGlobalSection
EndGlobal
