
Microsoft Visual Studio Solution File, Format Version 12.00
# Visual Studio 15
VisualStudioVersion = 15.0.27130.2010
MinimumVisualStudioVersion = 10.0.40219.1
Project("{2150E333-8FDC-42A3-9474-1A3956D46DE8}") = "WebApi", "WebApi", "{E3F75457-F62C-45C0-BF17-1BD824B389AA}"
EndProject
Project("{9A19103F-16F7-4668-BE54-9A1E7A4F7556}") = "iqoption.core", "src\iqoption.webapi\iqoption.core\iqoption.core.csproj", "{43833ABF-2234-47E0-940F-4B38B78C83B5}"
EndProject
Project("{9A19103F-16F7-4668-BE54-9A1E7A4F7556}") = "iqoption.data", "src\iqoption.webapi\iqoption.data\iqoption.data.csproj", "{63303E15-F8CE-4103-B25F-D384CCF3FA52}"
EndProject
Project("{9A19103F-16F7-4668-BE54-9A1E7A4F7556}") = "iqoption.web", "src\iqoption.webapi\iqoption.web\iqoption.web.csproj", "{DA2654DF-ACC9-47E4-B3FA-F487C689BAEE}"
EndProject
Project("{2150E333-8FDC-42A3-9474-1A3956D46DE8}") = "Tests", "Tests", "{FC2E73E2-132A-4404-AE42-8CF18F5B6A69}"
EndProject
Project("{9A19103F-16F7-4668-BE54-9A1E7A4F7556}") = "iqopion.core.unit", "src\tests\iqopion.core.unit\iqopion.core.unit.csproj", "{3F26E299-B611-4768-8E3D-5A79EC79826C}"
EndProject
Project("{9A19103F-16F7-4668-BE54-9A1E7A4F7556}") = "iqoption.domain", "src\iqoption.domain\iqoption.domain.csproj", "{9E300221-9FDA-41A7-AA2A-0EC20A682C02}"
EndProject
Project("{9A19103F-16F7-4668-BE54-9A1E7A4F7556}") = "iqoption.servicebus", "src\iqoption.servicebus\iqoption.servicebus.csproj", "{CBF6108B-F7A2-4D70-ABC0-7E798EAA589C}"
EndProject
Project("{2150E333-8FDC-42A3-9474-1A3956D46DE8}") = "App", "App", "{A4B5BA6F-7505-4F73-A84E-C590A43B5D8B}"
EndProject
Project("{9A19103F-16F7-4668-BE54-9A1E7A4F7556}") = "iqoption.leaders.app", "src\iqoption.leaders.app\iqoption.leaders.app.csproj", "{33191392-19C5-4E70-B417-78CED5D6AF09}"
EndProject
Project("{9A19103F-16F7-4668-BE54-9A1E7A4F7556}") = "iqoption.followers.app", "src\iqoption.followers.app\iqoption.followers.app.csproj", "{AF8E3DB0-675A-4967-868D-35B8946A6AEF}"
EndProject
Project("{9A19103F-16F7-4668-BE54-9A1E7A4F7556}") = "iqoption.trading.services", "src\iqoption.trading.services\iqoption.trading.services.csproj", "{B6263D17-137E-47FD-8D7C-98072CB483BD}"
EndProject
Project("{9A19103F-16F7-4668-BE54-9A1E7A4F7556}") = "iqoptionapi", "..\iqoption.net\src\iqoptionapi\iqoptionapi.csproj", "{02DD2A97-F21B-413F-8572-ADD662BFD215}"
EndProject
Global
	GlobalSection(SolutionConfigurationPlatforms) = preSolution
		Debug|Any CPU = Debug|Any CPU
		Release|Any CPU = Release|Any CPU
	EndGlobalSection
	GlobalSection(ProjectConfigurationPlatforms) = postSolution
		{43833ABF-2234-47E0-940F-4B38B78C83B5}.Debug|Any CPU.ActiveCfg = Debug|Any CPU
		{43833ABF-2234-47E0-940F-4B38B78C83B5}.Debug|Any CPU.Build.0 = Debug|Any CPU
		{43833ABF-2234-47E0-940F-4B38B78C83B5}.Release|Any CPU.ActiveCfg = Release|Any CPU
		{43833ABF-2234-47E0-940F-4B38B78C83B5}.Release|Any CPU.Build.0 = Release|Any CPU
		{63303E15-F8CE-4103-B25F-D384CCF3FA52}.Debug|Any CPU.ActiveCfg = Debug|Any CPU
		{63303E15-F8CE-4103-B25F-D384CCF3FA52}.Debug|Any CPU.Build.0 = Debug|Any CPU
		{63303E15-F8CE-4103-B25F-D384CCF3FA52}.Release|Any CPU.ActiveCfg = Release|Any CPU
		{63303E15-F8CE-4103-B25F-D384CCF3FA52}.Release|Any CPU.Build.0 = Release|Any CPU
		{DA2654DF-ACC9-47E4-B3FA-F487C689BAEE}.Debug|Any CPU.ActiveCfg = Debug|Any CPU
		{DA2654DF-ACC9-47E4-B3FA-F487C689BAEE}.Debug|Any CPU.Build.0 = Debug|Any CPU
		{DA2654DF-ACC9-47E4-B3FA-F487C689BAEE}.Release|Any CPU.ActiveCfg = Release|Any CPU
		{DA2654DF-ACC9-47E4-B3FA-F487C689BAEE}.Release|Any CPU.Build.0 = Release|Any CPU
		{3F26E299-B611-4768-8E3D-5A79EC79826C}.Debug|Any CPU.ActiveCfg = Debug|Any CPU
		{3F26E299-B611-4768-8E3D-5A79EC79826C}.Debug|Any CPU.Build.0 = Debug|Any CPU
		{3F26E299-B611-4768-8E3D-5A79EC79826C}.Release|Any CPU.ActiveCfg = Release|Any CPU
		{3F26E299-B611-4768-8E3D-5A79EC79826C}.Release|Any CPU.Build.0 = Release|Any CPU
		{9E300221-9FDA-41A7-AA2A-0EC20A682C02}.Debug|Any CPU.ActiveCfg = Debug|Any CPU
		{9E300221-9FDA-41A7-AA2A-0EC20A682C02}.Debug|Any CPU.Build.0 = Debug|Any CPU
		{9E300221-9FDA-41A7-AA2A-0EC20A682C02}.Release|Any CPU.ActiveCfg = Release|Any CPU
		{9E300221-9FDA-41A7-AA2A-0EC20A682C02}.Release|Any CPU.Build.0 = Release|Any CPU
		{CBF6108B-F7A2-4D70-ABC0-7E798EAA589C}.Debug|Any CPU.ActiveCfg = Debug|Any CPU
		{CBF6108B-F7A2-4D70-ABC0-7E798EAA589C}.Debug|Any CPU.Build.0 = Debug|Any CPU
		{CBF6108B-F7A2-4D70-ABC0-7E798EAA589C}.Release|Any CPU.ActiveCfg = Release|Any CPU
		{CBF6108B-F7A2-4D70-ABC0-7E798EAA589C}.Release|Any CPU.Build.0 = Release|Any CPU
		{33191392-19C5-4E70-B417-78CED5D6AF09}.Debug|Any CPU.ActiveCfg = Debug|Any CPU
		{33191392-19C5-4E70-B417-78CED5D6AF09}.Debug|Any CPU.Build.0 = Debug|Any CPU
		{33191392-19C5-4E70-B417-78CED5D6AF09}.Release|Any CPU.ActiveCfg = Release|Any CPU
		{33191392-19C5-4E70-B417-78CED5D6AF09}.Release|Any CPU.Build.0 = Release|Any CPU
		{AF8E3DB0-675A-4967-868D-35B8946A6AEF}.Debug|Any CPU.ActiveCfg = Debug|Any CPU
		{AF8E3DB0-675A-4967-868D-35B8946A6AEF}.Debug|Any CPU.Build.0 = Debug|Any CPU
		{AF8E3DB0-675A-4967-868D-35B8946A6AEF}.Release|Any CPU.ActiveCfg = Release|Any CPU
		{AF8E3DB0-675A-4967-868D-35B8946A6AEF}.Release|Any CPU.Build.0 = Release|Any CPU
		{B6263D17-137E-47FD-8D7C-98072CB483BD}.Debug|Any CPU.ActiveCfg = Debug|Any CPU
		{B6263D17-137E-47FD-8D7C-98072CB483BD}.Debug|Any CPU.Build.0 = Debug|Any CPU
		{B6263D17-137E-47FD-8D7C-98072CB483BD}.Release|Any CPU.ActiveCfg = Release|Any CPU
		{B6263D17-137E-47FD-8D7C-98072CB483BD}.Release|Any CPU.Build.0 = Release|Any CPU
		{02DD2A97-F21B-413F-8572-ADD662BFD215}.Debug|Any CPU.ActiveCfg = Debug|Any CPU
		{02DD2A97-F21B-413F-8572-ADD662BFD215}.Debug|Any CPU.Build.0 = Debug|Any CPU
		{02DD2A97-F21B-413F-8572-ADD662BFD215}.Release|Any CPU.ActiveCfg = Release|Any CPU
		{02DD2A97-F21B-413F-8572-ADD662BFD215}.Release|Any CPU.Build.0 = Release|Any CPU
	EndGlobalSection
	GlobalSection(SolutionProperties) = preSolution
		HideSolutionNode = FALSE
	EndGlobalSection
	GlobalSection(NestedProjects) = preSolution
		{63303E15-F8CE-4103-B25F-D384CCF3FA52} = {E3F75457-F62C-45C0-BF17-1BD824B389AA}
		{DA2654DF-ACC9-47E4-B3FA-F487C689BAEE} = {E3F75457-F62C-45C0-BF17-1BD824B389AA}
		{3F26E299-B611-4768-8E3D-5A79EC79826C} = {FC2E73E2-132A-4404-AE42-8CF18F5B6A69}
		{33191392-19C5-4E70-B417-78CED5D6AF09} = {A4B5BA6F-7505-4F73-A84E-C590A43B5D8B}
		{AF8E3DB0-675A-4967-868D-35B8946A6AEF} = {A4B5BA6F-7505-4F73-A84E-C590A43B5D8B}
	EndGlobalSection
	GlobalSection(ExtensibilityGlobals) = postSolution
		SolutionGuid = {45A6F755-7349-459E-B474-C21814ACC978}
	EndGlobalSection
EndGlobal
