
Microsoft Visual Studio Solution File, Format Version 12.00
# Visual Studio 15
VisualStudioVersion = 15.0.27130.2010
MinimumVisualStudioVersion = 10.0.40219.1
Project("{2150E333-8FDC-42A3-9474-1A3956D46DE8}") = "Tests", "Tests", "{FC2E73E2-132A-4404-AE42-8CF18F5B6A69}"
EndProject
Project("{9A19103F-16F7-4668-BE54-9A1E7A4F7556}") = "iqopion.core.unit", "src\tests\iqopion.core.unit\iqopion.core.unit.csproj", "{3F26E299-B611-4768-8E3D-5A79EC79826C}"
EndProject
Project("{9A19103F-16F7-4668-BE54-9A1E7A4F7556}") = "iqoption.domain", "src\iqoption.domain\iqoption.domain.csproj", "{9E300221-9FDA-41A7-AA2A-0EC20A682C02}"
EndProject
Project("{2150E333-8FDC-42A3-9474-1A3956D46DE8}") = "App", "App", "{A4B5BA6F-7505-4F73-A84E-C590A43B5D8B}"
EndProject
Project("{9A19103F-16F7-4668-BE54-9A1E7A4F7556}") = "iqoption.trading.services", "src\iqoption.trading.services\iqoption.trading.services.csproj", "{B6263D17-137E-47FD-8D7C-98072CB483BD}"
EndProject
Project("{9A19103F-16F7-4668-BE54-9A1E7A4F7556}") = "iqoptionapi", "src\iqoptionapi\iqoptionapi.csproj", "{48C78110-591C-4494-8BF9-2BCBA0C64962}"
EndProject
Project("{9A19103F-16F7-4668-BE54-9A1E7A4F7556}") = "iqoption.follower.app", "src\app\iqoption.follower.app\iqoption.follower.app.csproj", "{B7E25417-A04F-4EF1-8CCE-A39D0E646426}"
EndProject
Project("{9A19103F-16F7-4668-BE54-9A1E7A4F7556}") = "iqoption.core", "src\iqoption.core\iqoption.core.csproj", "{C572FA46-851F-4634-BB6C-F63FB1764E17}"
EndProject
Project("{9A19103F-16F7-4668-BE54-9A1E7A4F7556}") = "ai.option.web", "src\App\ai.option.web\ai.option.web.csproj", "{28F0EBA7-0466-4EF5-82AA-3A2571C78785}"
EndProject
Project("{9A19103F-16F7-4668-BE54-9A1E7A4F7556}") = "ai.option.web.unit", "tests\App\ai.option.web.unit\ai.option.web.unit.csproj", "{B6A80E49-CF39-4B2E-8792-BFC0E2311F91}"
EndProject
Project("{9A19103F-16F7-4668-BE54-9A1E7A4F7556}") = "AutofacContrib.Nsubstitute", "tests\AutofacContrib.Nsubstitute\AutofacContrib.Nsubstitute.csproj", "{4F23AF62-1BC6-4B69-881C-738683ACB19A}"
EndProject
Project("{9A19103F-16F7-4668-BE54-9A1E7A4F7556}") = "iqoption.data", "src\iqoption.data\iqoption.data.csproj", "{4213CA71-A52D-4F1B-A061-4DD500C222EB}"
EndProject
Project("{9A19103F-16F7-4668-BE54-9A1E7A4F7556}") = "iqoption.apiservice", "src\iqoption.apiservice\iqoption.apiservice.csproj", "{2ADC9D94-265E-40D7-B248-8949A2FD738D}"
EndProject
Global
	GlobalSection(SolutionConfigurationPlatforms) = preSolution
		Debug|Any CPU = Debug|Any CPU
		Release|Any CPU = Release|Any CPU
	EndGlobalSection
	GlobalSection(ProjectConfigurationPlatforms) = postSolution
		{3F26E299-B611-4768-8E3D-5A79EC79826C}.Debug|Any CPU.ActiveCfg = Debug|Any CPU
		{3F26E299-B611-4768-8E3D-5A79EC79826C}.Debug|Any CPU.Build.0 = Debug|Any CPU
		{3F26E299-B611-4768-8E3D-5A79EC79826C}.Release|Any CPU.ActiveCfg = Release|Any CPU
		{3F26E299-B611-4768-8E3D-5A79EC79826C}.Release|Any CPU.Build.0 = Release|Any CPU
		{9E300221-9FDA-41A7-AA2A-0EC20A682C02}.Debug|Any CPU.ActiveCfg = Debug|Any CPU
		{9E300221-9FDA-41A7-AA2A-0EC20A682C02}.Debug|Any CPU.Build.0 = Debug|Any CPU
		{9E300221-9FDA-41A7-AA2A-0EC20A682C02}.Release|Any CPU.ActiveCfg = Release|Any CPU
		{9E300221-9FDA-41A7-AA2A-0EC20A682C02}.Release|Any CPU.Build.0 = Release|Any CPU
		{B6263D17-137E-47FD-8D7C-98072CB483BD}.Debug|Any CPU.ActiveCfg = Debug|Any CPU
		{B6263D17-137E-47FD-8D7C-98072CB483BD}.Debug|Any CPU.Build.0 = Debug|Any CPU
		{B6263D17-137E-47FD-8D7C-98072CB483BD}.Release|Any CPU.ActiveCfg = Release|Any CPU
		{B6263D17-137E-47FD-8D7C-98072CB483BD}.Release|Any CPU.Build.0 = Release|Any CPU
		{48C78110-591C-4494-8BF9-2BCBA0C64962}.Debug|Any CPU.ActiveCfg = Debug|Any CPU
		{48C78110-591C-4494-8BF9-2BCBA0C64962}.Debug|Any CPU.Build.0 = Debug|Any CPU
		{48C78110-591C-4494-8BF9-2BCBA0C64962}.Release|Any CPU.ActiveCfg = Release|Any CPU
		{48C78110-591C-4494-8BF9-2BCBA0C64962}.Release|Any CPU.Build.0 = Release|Any CPU
		{B7E25417-A04F-4EF1-8CCE-A39D0E646426}.Debug|Any CPU.ActiveCfg = Debug|Any CPU
		{B7E25417-A04F-4EF1-8CCE-A39D0E646426}.Debug|Any CPU.Build.0 = Debug|Any CPU
		{B7E25417-A04F-4EF1-8CCE-A39D0E646426}.Release|Any CPU.ActiveCfg = Release|Any CPU
		{B7E25417-A04F-4EF1-8CCE-A39D0E646426}.Release|Any CPU.Build.0 = Release|Any CPU
		{C572FA46-851F-4634-BB6C-F63FB1764E17}.Debug|Any CPU.ActiveCfg = Debug|Any CPU
		{C572FA46-851F-4634-BB6C-F63FB1764E17}.Debug|Any CPU.Build.0 = Debug|Any CPU
		{C572FA46-851F-4634-BB6C-F63FB1764E17}.Release|Any CPU.ActiveCfg = Release|Any CPU
		{C572FA46-851F-4634-BB6C-F63FB1764E17}.Release|Any CPU.Build.0 = Release|Any CPU
		{28F0EBA7-0466-4EF5-82AA-3A2571C78785}.Debug|Any CPU.ActiveCfg = Debug|Any CPU
		{28F0EBA7-0466-4EF5-82AA-3A2571C78785}.Debug|Any CPU.Build.0 = Debug|Any CPU
		{28F0EBA7-0466-4EF5-82AA-3A2571C78785}.Release|Any CPU.ActiveCfg = Release|Any CPU
		{28F0EBA7-0466-4EF5-82AA-3A2571C78785}.Release|Any CPU.Build.0 = Release|Any CPU
		{B6A80E49-CF39-4B2E-8792-BFC0E2311F91}.Debug|Any CPU.ActiveCfg = Debug|Any CPU
		{B6A80E49-CF39-4B2E-8792-BFC0E2311F91}.Debug|Any CPU.Build.0 = Debug|Any CPU
		{B6A80E49-CF39-4B2E-8792-BFC0E2311F91}.Release|Any CPU.ActiveCfg = Release|Any CPU
		{B6A80E49-CF39-4B2E-8792-BFC0E2311F91}.Release|Any CPU.Build.0 = Release|Any CPU
		{4F23AF62-1BC6-4B69-881C-738683ACB19A}.Debug|Any CPU.ActiveCfg = Debug|Any CPU
		{4F23AF62-1BC6-4B69-881C-738683ACB19A}.Debug|Any CPU.Build.0 = Debug|Any CPU
		{4F23AF62-1BC6-4B69-881C-738683ACB19A}.Release|Any CPU.ActiveCfg = Release|Any CPU
		{4F23AF62-1BC6-4B69-881C-738683ACB19A}.Release|Any CPU.Build.0 = Release|Any CPU
		{4213CA71-A52D-4F1B-A061-4DD500C222EB}.Debug|Any CPU.ActiveCfg = Debug|Any CPU
		{4213CA71-A52D-4F1B-A061-4DD500C222EB}.Debug|Any CPU.Build.0 = Debug|Any CPU
		{4213CA71-A52D-4F1B-A061-4DD500C222EB}.Release|Any CPU.ActiveCfg = Release|Any CPU
		{4213CA71-A52D-4F1B-A061-4DD500C222EB}.Release|Any CPU.Build.0 = Release|Any CPU
		{2ADC9D94-265E-40D7-B248-8949A2FD738D}.Debug|Any CPU.ActiveCfg = Debug|Any CPU
		{2ADC9D94-265E-40D7-B248-8949A2FD738D}.Debug|Any CPU.Build.0 = Debug|Any CPU
		{2ADC9D94-265E-40D7-B248-8949A2FD738D}.Release|Any CPU.ActiveCfg = Release|Any CPU
		{2ADC9D94-265E-40D7-B248-8949A2FD738D}.Release|Any CPU.Build.0 = Release|Any CPU
	EndGlobalSection
	GlobalSection(SolutionProperties) = preSolution
		HideSolutionNode = FALSE
	EndGlobalSection
	GlobalSection(NestedProjects) = preSolution
		{3F26E299-B611-4768-8E3D-5A79EC79826C} = {FC2E73E2-132A-4404-AE42-8CF18F5B6A69}
		{B7E25417-A04F-4EF1-8CCE-A39D0E646426} = {A4B5BA6F-7505-4F73-A84E-C590A43B5D8B}
		{28F0EBA7-0466-4EF5-82AA-3A2571C78785} = {A4B5BA6F-7505-4F73-A84E-C590A43B5D8B}
		{B6A80E49-CF39-4B2E-8792-BFC0E2311F91} = {FC2E73E2-132A-4404-AE42-8CF18F5B6A69}
		{4F23AF62-1BC6-4B69-881C-738683ACB19A} = {FC2E73E2-132A-4404-AE42-8CF18F5B6A69}
	EndGlobalSection
	GlobalSection(ExtensibilityGlobals) = postSolution
		SolutionGuid = {45A6F755-7349-459E-B474-C21814ACC978}
	EndGlobalSection
EndGlobal
