
Microsoft Visual Studio Solution File, Format Version 12.00
# Visual Studio 15
VisualStudioVersion = 15.0.27428.2015
MinimumVisualStudioVersion = 10.0.40219.1
Project("{9A19103F-16F7-4668-BE54-9A1E7A4F7556}") = "iqoption.data", "src\iqoption.webapi\iqoption.data\iqoption.data.csproj", "{2B153F93-A9DA-4E09-8C11-EBFC0876D217}"
EndProject
Project("{FAE04EC0-301F-11D3-BF4B-00C04F79EFBC}") = "iqoption.efdummy", "src\iqoption.webapi\iqoption.efdummy\iqoption.efdummy.csproj", "{9ABCDC99-A111-4857-B0B0-CCE02C3EA892}"
EndProject
Project("{9A19103F-16F7-4668-BE54-9A1E7A4F7556}") = "iqoption.core", "src\iqoption.webapi\iqoption.core\iqoption.core.csproj", "{69C1DFEF-E561-4936-8C00-454A6232E7EF}"
EndProject
Global
	GlobalSection(SolutionConfigurationPlatforms) = preSolution
		Debug|Any CPU = Debug|Any CPU
		Release|Any CPU = Release|Any CPU
	EndGlobalSection
	GlobalSection(ProjectConfigurationPlatforms) = postSolution
		{2B153F93-A9DA-4E09-8C11-EBFC0876D217}.Debug|Any CPU.ActiveCfg = Debug|Any CPU
		{2B153F93-A9DA-4E09-8C11-EBFC0876D217}.Debug|Any CPU.Build.0 = Debug|Any CPU
		{2B153F93-A9DA-4E09-8C11-EBFC0876D217}.Release|Any CPU.ActiveCfg = Release|Any CPU
		{2B153F93-A9DA-4E09-8C11-EBFC0876D217}.Release|Any CPU.Build.0 = Release|Any CPU
		{9ABCDC99-A111-4857-B0B0-CCE02C3EA892}.Debug|Any CPU.ActiveCfg = Debug|Any CPU
		{9ABCDC99-A111-4857-B0B0-CCE02C3EA892}.Debug|Any CPU.Build.0 = Debug|Any CPU
		{9ABCDC99-A111-4857-B0B0-CCE02C3EA892}.Release|Any CPU.ActiveCfg = Release|Any CPU
		{9ABCDC99-A111-4857-B0B0-CCE02C3EA892}.Release|Any CPU.Build.0 = Release|Any CPU
		{69C1DFEF-E561-4936-8C00-454A6232E7EF}.Debug|Any CPU.ActiveCfg = Debug|Any CPU
		{69C1DFEF-E561-4936-8C00-454A6232E7EF}.Debug|Any CPU.Build.0 = Debug|Any CPU
		{69C1DFEF-E561-4936-8C00-454A6232E7EF}.Release|Any CPU.ActiveCfg = Release|Any CPU
		{69C1DFEF-E561-4936-8C00-454A6232E7EF}.Release|Any CPU.Build.0 = Release|Any CPU
	EndGlobalSection
	GlobalSection(SolutionProperties) = preSolution
		HideSolutionNode = FALSE
	EndGlobalSection
	GlobalSection(ExtensibilityGlobals) = postSolution
		SolutionGuid = {D8F5C2A3-C6D9-4505-8109-A59446F9DD51}
	EndGlobalSection
EndGlobal
