
Microsoft Visual Studio Solution File, Format Version 12.00
# Visual Studio 15
VisualStudioVersion = 15.0.27130.2010
MinimumVisualStudioVersion = 10.0.40219.1
Project("{FAE04EC0-301F-11D3-BF4B-00C04F79EFBC}") = "iqoption.webapi", "iqoption.webapi\iqoption.webapi.csproj", "{E02CBCAB-F0B6-4776-9587-82F3BF2D67A9}"
EndProject
Project("{FAE04EC0-301F-11D3-BF4B-00C04F79EFBC}") = "iqoption.data", "iqoption.data\iqoption.data.csproj", "{1F16F4DB-CBC0-48FC-805C-9304274104C5}"
EndProject
Project("{FAE04EC0-301F-11D3-BF4B-00C04F79EFBC}") = "iqoption.core", "iqoption.core\iqoption.core.csproj", "{6DDFC24B-C564-4596-9B40-B0327E312C09}"
EndProject
Project("{2150E333-8FDC-42A3-9474-1A3956D46DE8}") = "tests", "tests", "{3F661080-DCB2-48F8-B4F2-18AED7FF28C8}"
EndProject
Global
	GlobalSection(SolutionConfigurationPlatforms) = preSolution
		Debug|Any CPU = Debug|Any CPU
		Release|Any CPU = Release|Any CPU
	EndGlobalSection
	GlobalSection(ProjectConfigurationPlatforms) = postSolution
		{E02CBCAB-F0B6-4776-9587-82F3BF2D67A9}.Debug|Any CPU.ActiveCfg = Debug|Any CPU
		{E02CBCAB-F0B6-4776-9587-82F3BF2D67A9}.Debug|Any CPU.Build.0 = Debug|Any CPU
		{E02CBCAB-F0B6-4776-9587-82F3BF2D67A9}.Release|Any CPU.ActiveCfg = Release|Any CPU
		{E02CBCAB-F0B6-4776-9587-82F3BF2D67A9}.Release|Any CPU.Build.0 = Release|Any CPU
		{1F16F4DB-CBC0-48FC-805C-9304274104C5}.Debug|Any CPU.ActiveCfg = Debug|Any CPU
		{1F16F4DB-CBC0-48FC-805C-9304274104C5}.Debug|Any CPU.Build.0 = Debug|Any CPU
		{1F16F4DB-CBC0-48FC-805C-9304274104C5}.Release|Any CPU.ActiveCfg = Release|Any CPU
		{1F16F4DB-CBC0-48FC-805C-9304274104C5}.Release|Any CPU.Build.0 = Release|Any CPU
		{6DDFC24B-C564-4596-9B40-B0327E312C09}.Debug|Any CPU.ActiveCfg = Debug|Any CPU
		{6DDFC24B-C564-4596-9B40-B0327E312C09}.Debug|Any CPU.Build.0 = Debug|Any CPU
		{6DDFC24B-C564-4596-9B40-B0327E312C09}.Release|Any CPU.ActiveCfg = Release|Any CPU
		{6DDFC24B-C564-4596-9B40-B0327E312C09}.Release|Any CPU.Build.0 = Release|Any CPU
	EndGlobalSection
	GlobalSection(SolutionProperties) = preSolution
		HideSolutionNode = FALSE
	EndGlobalSection
	GlobalSection(ExtensibilityGlobals) = postSolution
		SolutionGuid = {5CCD8E1B-20C0-4399-9F33-EA7D5AA34383}
	EndGlobalSection
EndGlobal
